// !$*UTF8*$!
{
	archiveVersion = 1;
	classes = {
	};
	objectVersion = 51;
	objects = {

/* Begin PBXBuildFile section */
		620BF946A1CB8C8E9EBE4CBF /* Pods_Wish_List.framework in Frameworks */ = {isa = PBXBuildFile; fileRef = A9CE6D9D201E2752A30262EB /* Pods_Wish_List.framework */; };
		D91BDC4B25BF5D830078B542 /* ProductCell.swift in Sources */ = {isa = PBXBuildFile; fileRef = D91BDC4A25BF5D830078B542 /* ProductCell.swift */; };
		D94412A725BDE44C00DCE591 /* AppDelegate.swift in Sources */ = {isa = PBXBuildFile; fileRef = D94412A625BDE44C00DCE591 /* AppDelegate.swift */; };
		D94412A925BDE44C00DCE591 /* SceneDelegate.swift in Sources */ = {isa = PBXBuildFile; fileRef = D94412A825BDE44C00DCE591 /* SceneDelegate.swift */; };
		D94412AB25BDE44C00DCE591 /* ViewController.swift in Sources */ = {isa = PBXBuildFile; fileRef = D94412AA25BDE44C00DCE591 /* ViewController.swift */; };
		D94412AE25BDE44C00DCE591 /* Main.storyboard in Resources */ = {isa = PBXBuildFile; fileRef = D94412AC25BDE44C00DCE591 /* Main.storyboard */; };
		D94412B025BDE44E00DCE591 /* Assets.xcassets in Resources */ = {isa = PBXBuildFile; fileRef = D94412AF25BDE44E00DCE591 /* Assets.xcassets */; };
		D94412B325BDE44E00DCE591 /* LaunchScreen.storyboard in Resources */ = {isa = PBXBuildFile; fileRef = D94412B125BDE44E00DCE591 /* LaunchScreen.storyboard */; };
		D976FB1325BE256C00933C2E /* DataB.swift in Sources */ = {isa = PBXBuildFile; fileRef = D976FB1225BE256C00933C2E /* DataB.swift */; };
		D976FB1625BE298500933C2E /* ProductTable.swift in Sources */ = {isa = PBXBuildFile; fileRef = D976FB1525BE298500933C2E /* ProductTable.swift */; };
/* End PBXBuildFile section */

/* Begin PBXFileReference section */
		8521E520C90369A75823C7C6 /* Pods-Wish List.release.xcconfig */ = {isa = PBXFileReference; includeInIndex = 1; lastKnownFileType = text.xcconfig; name = "Pods-Wish List.release.xcconfig"; path = "Target Support Files/Pods-Wish List/Pods-Wish List.release.xcconfig"; sourceTree = "<group>"; };
		A9CE6D9D201E2752A30262EB /* Pods_Wish_List.framework */ = {isa = PBXFileReference; explicitFileType = wrapper.framework; includeInIndex = 0; path = Pods_Wish_List.framework; sourceTree = BUILT_PRODUCTS_DIR; };
		D91BDC4A25BF5D830078B542 /* ProductCell.swift */ = {isa = PBXFileReference; lastKnownFileType = sourcecode.swift; path = ProductCell.swift; sourceTree = "<group>"; };
		D94412A325BDE44C00DCE591 /* Wish List.app */ = {isa = PBXFileReference; explicitFileType = wrapper.application; includeInIndex = 0; path = "Wish List.app"; sourceTree = BUILT_PRODUCTS_DIR; };
		D94412A625BDE44C00DCE591 /* AppDelegate.swift */ = {isa = PBXFileReference; lastKnownFileType = sourcecode.swift; path = AppDelegate.swift; sourceTree = "<group>"; };
		D94412A825BDE44C00DCE591 /* SceneDelegate.swift */ = {isa = PBXFileReference; lastKnownFileType = sourcecode.swift; path = SceneDelegate.swift; sourceTree = "<group>"; };
		D94412AA25BDE44C00DCE591 /* ViewController.swift */ = {isa = PBXFileReference; lastKnownFileType = sourcecode.swift; path = ViewController.swift; sourceTree = "<group>"; };
		D94412AD25BDE44C00DCE591 /* Base */ = {isa = PBXFileReference; lastKnownFileType = file.storyboard; name = Base; path = Base.lproj/Main.storyboard; sourceTree = "<group>"; };
		D94412AF25BDE44E00DCE591 /* Assets.xcassets */ = {isa = PBXFileReference; lastKnownFileType = folder.assetcatalog; path = Assets.xcassets; sourceTree = "<group>"; };
		D94412B225BDE44E00DCE591 /* Base */ = {isa = PBXFileReference; lastKnownFileType = file.storyboard; name = Base; path = Base.lproj/LaunchScreen.storyboard; sourceTree = "<group>"; };
		D94412B425BDE44E00DCE591 /* Info.plist */ = {isa = PBXFileReference; lastKnownFileType = text.plist.xml; path = Info.plist; sourceTree = "<group>"; };
		D976FB1225BE256C00933C2E /* DataB.swift */ = {isa = PBXFileReference; lastKnownFileType = sourcecode.swift; path = DataB.swift; sourceTree = "<group>"; };
		D976FB1525BE298500933C2E /* ProductTable.swift */ = {isa = PBXFileReference; lastKnownFileType = sourcecode.swift; path = ProductTable.swift; sourceTree = "<group>"; };
		DBBD78E1AF5EEE863B57641A /* Pods-Wish List.debug.xcconfig */ = {isa = PBXFileReference; includeInIndex = 1; lastKnownFileType = text.xcconfig; name = "Pods-Wish List.debug.xcconfig"; path = "Target Support Files/Pods-Wish List/Pods-Wish List.debug.xcconfig"; sourceTree = "<group>"; };
/* End PBXFileReference section */

/* Begin PBXFrameworksBuildPhase section */
		D94412A025BDE44C00DCE591 /* Frameworks */ = {
			isa = PBXFrameworksBuildPhase;
			buildActionMask = 2147483647;
			files = (
				620BF946A1CB8C8E9EBE4CBF /* Pods_Wish_List.framework in Frameworks */,
			);
			runOnlyForDeploymentPostprocessing = 0;
		};
/* End PBXFrameworksBuildPhase section */

/* Begin PBXGroup section */
		A27C0E7390F0B92B72193CC1 /* Pods */ = {
			isa = PBXGroup;
			children = (
				DBBD78E1AF5EEE863B57641A /* Pods-Wish List.debug.xcconfig */,
				8521E520C90369A75823C7C6 /* Pods-Wish List.release.xcconfig */,
			);
			path = Pods;
			sourceTree = "<group>";
		};
		B9C782B2B2D75EBAB473E709 /* Frameworks */ = {
			isa = PBXGroup;
			children = (
				A9CE6D9D201E2752A30262EB /* Pods_Wish_List.framework */,
			);
			name = Frameworks;
			sourceTree = "<group>";
		};
		D944129A25BDE44C00DCE591 = {
			isa = PBXGroup;
			children = (
				D94412A525BDE44C00DCE591 /* Wish List */,
				D94412A425BDE44C00DCE591 /* Products */,
				A27C0E7390F0B92B72193CC1 /* Pods */,
				B9C782B2B2D75EBAB473E709 /* Frameworks */,
			);
			sourceTree = "<group>";
		};
		D94412A425BDE44C00DCE591 /* Products */ = {
			isa = PBXGroup;
			children = (
				D94412A325BDE44C00DCE591 /* Wish List.app */,
			);
			name = Products;
			sourceTree = "<group>";
		};
		D94412A525BDE44C00DCE591 /* Wish List */ = {
			isa = PBXGroup;
			children = (
				D94412A625BDE44C00DCE591 /* AppDelegate.swift */,
				D94412A825BDE44C00DCE591 /* SceneDelegate.swift */,
				D94412AA25BDE44C00DCE591 /* ViewController.swift */,
				D94412AC25BDE44C00DCE591 /* Main.storyboard */,
				D94412AF25BDE44E00DCE591 /* Assets.xcassets */,
				D94412B125BDE44E00DCE591 /* LaunchScreen.storyboard */,
				D94412B425BDE44E00DCE591 /* Info.plist */,
				D976FB1225BE256C00933C2E /* DataB.swift */,
				D976FB1525BE298500933C2E /* ProductTable.swift */,
				D91BDC4A25BF5D830078B542 /* ProductCell.swift */,
			);
			path = "Wish List";
			sourceTree = "<group>";
		};
/* End PBXGroup section */

/* Begin PBXNativeTarget section */
		D94412A225BDE44C00DCE591 /* Wish List */ = {
			isa = PBXNativeTarget;
			buildConfigurationList = D94412B725BDE44E00DCE591 /* Build configuration list for PBXNativeTarget "Wish List" */;
			buildPhases = (
				49FE64FFB3A6401D2E1FDAF9 /* [CP] Check Pods Manifest.lock */,
				D944129F25BDE44C00DCE591 /* Sources */,
				D94412A025BDE44C00DCE591 /* Frameworks */,
				D94412A125BDE44C00DCE591 /* Resources */,
				273C82D6C4EF721A05ED8CCB /* [CP] Embed Pods Frameworks */,
			);
			buildRules = (
			);
			dependencies = (
			);
			name = "Wish List";
			productName = "Wish List";
			productReference = D94412A325BDE44C00DCE591 /* Wish List.app */;
			productType = "com.apple.product-type.application";
		};
/* End PBXNativeTarget section */

/* Begin PBXProject section */
		D944129B25BDE44C00DCE591 /* Project object */ = {
			isa = PBXProject;
			attributes = {
				LastSwiftUpdateCheck = 1230;
				LastUpgradeCheck = 1230;
				TargetAttributes = {
					D94412A225BDE44C00DCE591 = {
						CreatedOnToolsVersion = 12.3;
					};
				};
			};
			buildConfigurationList = D944129E25BDE44C00DCE591 /* Build configuration list for PBXProject "Wish List" */;
			compatibilityVersion = "Xcode 9.3";
			developmentRegion = en;
			hasScannedForEncodings = 0;
			knownRegions = (
				en,
				Base,
			);
			mainGroup = D944129A25BDE44C00DCE591;
			productRefGroup = D94412A425BDE44C00DCE591 /* Products */;
			projectDirPath = "";
			projectRoot = "";
			targets = (
				D94412A225BDE44C00DCE591 /* Wish List */,
			);
		};
/* End PBXProject section */

/* Begin PBXResourcesBuildPhase section */
		D94412A125BDE44C00DCE591 /* Resources */ = {
			isa = PBXResourcesBuildPhase;
			buildActionMask = 2147483647;
			files = (
				D94412B325BDE44E00DCE591 /* LaunchScreen.storyboard in Resources */,
				D94412B025BDE44E00DCE591 /* Assets.xcassets in Resources */,
				D94412AE25BDE44C00DCE591 /* Main.storyboard in Resources */,
			);
			runOnlyForDeploymentPostprocessing = 0;
		};
/* End PBXResourcesBuildPhase section */

/* Begin PBXShellScriptBuildPhase section */
		273C82D6C4EF721A05ED8CCB /* [CP] Embed Pods Frameworks */ = {
			isa = PBXShellScriptBuildPhase;
			buildActionMask = 2147483647;
			files = (
			);
			inputFileListPaths = (
				"${PODS_ROOT}/Target Support Files/Pods-Wish List/Pods-Wish List-frameworks-${CONFIGURATION}-input-files.xcfilelist",
			);
			name = "[CP] Embed Pods Frameworks";
			outputFileListPaths = (
				"${PODS_ROOT}/Target Support Files/Pods-Wish List/Pods-Wish List-frameworks-${CONFIGURATION}-output-files.xcfilelist",
			);
			runOnlyForDeploymentPostprocessing = 0;
			shellPath = /bin/sh;
			shellScript = "\"${PODS_ROOT}/Target Support Files/Pods-Wish List/Pods-Wish List-frameworks.sh\"\n";
			showEnvVarsInLog = 0;
		};
		49FE64FFB3A6401D2E1FDAF9 /* [CP] Check Pods Manifest.lock */ = {
			isa = PBXShellScriptBuildPhase;
			buildActionMask = 2147483647;
			files = (
			);
			inputFileListPaths = (
			);
			inputPaths = (
				"${PODS_PODFILE_DIR_PATH}/Podfile.lock",
				"${PODS_ROOT}/Manifest.lock",
			);
			name = "[CP] Check Pods Manifest.lock";
			outputFileListPaths = (
			);
			outputPaths = (
				"$(DERIVED_FILE_DIR)/Pods-Wish List-checkManifestLockResult.txt",
			);
			runOnlyForDeploymentPostprocessing = 0;
			shellPath = /bin/sh;
			shellScript = "diff \"${PODS_PODFILE_DIR_PATH}/Podfile.lock\" \"${PODS_ROOT}/Manifest.lock\" > /dev/null\nif [ $? != 0 ] ; then\n    # print error to STDERR\n    echo \"error: The sandbox is not in sync with the Podfile.lock. Run 'pod install' or update your CocoaPods installation.\" >&2\n    exit 1\nfi\n# This output is used by Xcode 'outputs' to avoid re-running this script phase.\necho \"SUCCESS\" > \"${SCRIPT_OUTPUT_FILE_0}\"\n";
			showEnvVarsInLog = 0;
		};
/* End PBXShellScriptBuildPhase section */

/* Begin PBXSourcesBuildPhase section */
		D944129F25BDE44C00DCE591 /* Sources */ = {
			isa = PBXSourcesBuildPhase;
			buildActionMask = 2147483647;
			files = (
				D976FB1625BE298500933C2E /* ProductTable.swift in Sources */,
				D94412AB25BDE44C00DCE591 /* ViewController.swift in Sources */,
				D94412A725BDE44C00DCE591 /* AppDelegate.swift in Sources */,
				D91BDC4B25BF5D830078B542 /* ProductCell.swift in Sources */,
				D976FB1325BE256C00933C2E /* DataB.swift in Sources */,
				D94412A925BDE44C00DCE591 /* SceneDelegate.swift in Sources */,
			);
			runOnlyForDeploymentPostprocessing = 0;
		};
/* End PBXSourcesBuildPhase section */

/* Begin PBXVariantGroup section */
		D94412AC25BDE44C00DCE591 /* Main.storyboard */ = {
			isa = PBXVariantGroup;
			children = (
				D94412AD25BDE44C00DCE591 /* Base */,
			);
			name = Main.storyboard;
			sourceTree = "<group>";
		};
		D94412B125BDE44E00DCE591 /* LaunchScreen.storyboard */ = {
			isa = PBXVariantGroup;
			children = (
				D94412B225BDE44E00DCE591 /* Base */,
			);
			name = LaunchScreen.storyboard;
			sourceTree = "<group>";
		};
/* End PBXVariantGroup section */

/* Begin XCBuildConfiguration section */
		D94412B525BDE44E00DCE591 /* Debug */ = {
			isa = XCBuildConfiguration;
			buildSettings = {
				ALWAYS_SEARCH_USER_PATHS = NO;
				CLANG_ANALYZER_NONNULL = YES;
				CLANG_ANALYZER_NUMBER_OBJECT_CONVERSION = YES_AGGRESSIVE;
				CLANG_CXX_LANGUAGE_STANDARD = "gnu++14";
				CLANG_CXX_LIBRARY = "libc++";
				CLANG_ENABLE_MODULES = YES;
				CLANG_ENABLE_OBJC_ARC = YES;
				CLANG_ENABLE_OBJC_WEAK = YES;
				CLANG_WARN_BLOCK_CAPTURE_AUTORELEASING = YES;
				CLANG_WARN_BOOL_CONVERSION = YES;
				CLANG_WARN_COMMA = YES;
				CLANG_WARN_CONSTANT_CONVERSION = YES;
				CLANG_WARN_DEPRECATED_OBJC_IMPLEMENTATIONS = YES;
				CLANG_WARN_DIRECT_OBJC_ISA_USAGE = YES_ERROR;
				CLANG_WARN_DOCUMENTATION_COMMENTS = YES;
				CLANG_WARN_EMPTY_BODY = YES;
				CLANG_WARN_ENUM_CONVERSION = YES;
				CLANG_WARN_INFINITE_RECURSION = YES;
				CLANG_WARN_INT_CONVERSION = YES;
				CLANG_WARN_NON_LITERAL_NULL_CONVERSION = YES;
				CLANG_WARN_OBJC_IMPLICIT_RETAIN_SELF = YES;
				CLANG_WARN_OBJC_LITERAL_CONVERSION = YES;
				CLANG_WARN_OBJC_ROOT_CLASS = YES_ERROR;
				CLANG_WARN_QUOTED_INCLUDE_IN_FRAMEWORK_HEADER = YES;
				CLANG_WARN_RANGE_LOOP_ANALYSIS = YES;
				CLANG_WARN_STRICT_PROTOTYPES = YES;
				CLANG_WARN_SUSPICIOUS_MOVE = YES;
				CLANG_WARN_UNGUARDED_AVAILABILITY = YES_AGGRESSIVE;
				CLANG_WARN_UNREACHABLE_CODE = YES;
				CLANG_WARN__DUPLICATE_METHOD_MATCH = YES;
				COPY_PHASE_STRIP = NO;
				DEBUG_INFORMATION_FORMAT = dwarf;
				ENABLE_STRICT_OBJC_MSGSEND = YES;
				ENABLE_TESTABILITY = YES;
				GCC_C_LANGUAGE_STANDARD = gnu11;
				GCC_DYNAMIC_NO_PIC = NO;
				GCC_NO_COMMON_BLOCKS = YES;
				GCC_OPTIMIZATION_LEVEL = 0;
				GCC_PREPROCESSOR_DEFINITIONS = (
					"DEBUG=1",
					"$(inherited)",
				);
				GCC_WARN_64_TO_32_BIT_CONVERSION = YES;
				GCC_WARN_ABOUT_RETURN_TYPE = YES_ERROR;
				GCC_WARN_UNDECLARED_SELECTOR = YES;
				GCC_WARN_UNINITIALIZED_AUTOS = YES_AGGRESSIVE;
				GCC_WARN_UNUSED_FUNCTION = YES;
				GCC_WARN_UNUSED_VARIABLE = YES;
				IPHONEOS_DEPLOYMENT_TARGET = 14.3;
				MTL_ENABLE_DEBUG_INFO = INCLUDE_SOURCE;
				MTL_FAST_MATH = YES;
				ONLY_ACTIVE_ARCH = YES;
				SDKROOT = iphoneos;
				SWIFT_ACTIVE_COMPILATION_CONDITIONS = DEBUG;
				SWIFT_OPTIMIZATION_LEVEL = "-Onone";
			};
			name = Debug;
		};
		D94412B625BDE44E00DCE591 /* Release */ = {
			isa = XCBuildConfiguration;
			buildSettings = {
				ALWAYS_SEARCH_USER_PATHS = NO;
				CLANG_ANALYZER_NONNULL = YES;
				CLANG_ANALYZER_NUMBER_OBJECT_CONVERSION = YES_AGGRESSIVE;
				CLANG_CXX_LANGUAGE_STANDARD = "gnu++14";
				CLANG_CXX_LIBRARY = "libc++";
				CLANG_ENABLE_MODULES = YES;
				CLANG_ENABLE_OBJC_ARC = YES;
				CLANG_ENABLE_OBJC_WEAK = YES;
				CLANG_WARN_BLOCK_CAPTURE_AUTORELEASING = YES;
				CLANG_WARN_BOOL_CONVERSION = YES;
				CLANG_WARN_COMMA = YES;
				CLANG_WARN_CONSTANT_CONVERSION = YES;
				CLANG_WARN_DEPRECATED_OBJC_IMPLEMENTATIONS = YES;
				CLANG_WARN_DIRECT_OBJC_ISA_USAGE = YES_ERROR;
				CLANG_WARN_DOCUMENTATION_COMMENTS = YES;
				CLANG_WARN_EMPTY_BODY = YES;
				CLANG_WARN_ENUM_CONVERSION = YES;
				CLANG_WARN_INFINITE_RECURSION = YES;
				CLANG_WARN_INT_CONVERSION = YES;
				CLANG_WARN_NON_LITERAL_NULL_CONVERSION = YES;
				CLANG_WARN_OBJC_IMPLICIT_RETAIN_SELF = YES;
				CLANG_WARN_OBJC_LITERAL_CONVERSION = YES;
				CLANG_WARN_OBJC_ROOT_CLASS = YES_ERROR;
				CLANG_WARN_QUOTED_INCLUDE_IN_FRAMEWORK_HEADER = YES;
				CLANG_WARN_RANGE_LOOP_ANALYSIS = YES;
				CLANG_WARN_STRICT_PROTOTYPES = YES;
				CLANG_WARN_SUSPICIOUS_MOVE = YES;
				CLANG_WARN_UNGUARDED_AVAILABILITY = YES_AGGRESSIVE;
				CLANG_WARN_UNREACHABLE_CODE = YES;
				CLANG_WARN__DUPLICATE_METHOD_MATCH = YES;
				COPY_PHASE_STRIP = NO;
				DEBUG_INFORMATION_FORMAT = "dwarf-with-dsym";
				ENABLE_NS_ASSERTIONS = NO;
				ENABLE_STRICT_OBJC_MSGSEND = YES;
				GCC_C_LANGUAGE_STANDARD = gnu11;
				GCC_NO_COMMON_BLOCKS = YES;
				GCC_WARN_64_TO_32_BIT_CONVERSION = YES;
				GCC_WARN_ABOUT_RETURN_TYPE = YES_ERROR;
				GCC_WARN_UNDECLARED_SELECTOR = YES;
				GCC_WARN_UNINITIALIZED_AUTOS = YES_AGGRESSIVE;
				GCC_WARN_UNUSED_FUNCTION = YES;
				GCC_WARN_UNUSED_VARIABLE = YES;
				IPHONEOS_DEPLOYMENT_TARGET = 14.3;
				MTL_ENABLE_DEBUG_INFO = NO;
				MTL_FAST_MATH = YES;
				SDKROOT = iphoneos;
				SWIFT_COMPILATION_MODE = wholemodule;
				SWIFT_OPTIMIZATION_LEVEL = "-O";
				VALIDATE_PRODUCT = YES;
			};
			name = Release;
		};
		D94412B825BDE44E00DCE591 /* Debug */ = {
			isa = XCBuildConfiguration;
			baseConfigurationReference = DBBD78E1AF5EEE863B57641A /* Pods-Wish List.debug.xcconfig */;
			buildSettings = {
				ASSETCATALOG_COMPILER_APPICON_NAME = AppIcon;
				ASSETCATALOG_COMPILER_GLOBAL_ACCENT_COLOR_NAME = AccentColor;
				CODE_SIGN_STYLE = Automatic;
				DEVELOPMENT_TEAM = BWN4M4MM93;
				INFOPLIST_FILE = "Wish List/Info.plist";
				LD_RUNPATH_SEARCH_PATHS = (
					"$(inherited)",
					"@executable_path/Frameworks",
				);
				PRODUCT_BUNDLE_IDENTIFIER = "com.works.Wish-List";
				PRODUCT_NAME = "$(TARGET_NAME)";
				SWIFT_VERSION = 5.0;
				TARGETED_DEVICE_FAMILY = "1,2";
			};
			name = Debug;
		};
		D94412B925BDE44E00DCE591 /* Release */ = {
			isa = XCBuildConfiguration;
			baseConfigurationReference = 8521E520C90369A75823C7C6 /* Pods-Wish List.release.xcconfig */;
			buildSettings = {
				ASSETCATALOG_COMPILER_APPICON_NAME = AppIcon;
				ASSETCATALOG_COMPILER_GLOBAL_ACCENT_COLOR_NAME = AccentColor;
				CODE_SIGN_STYLE = Automatic;
				DEVELOPMENT_TEAM = BWN4M4MM93;
				INFOPLIST_FILE = "Wish List/Info.plist";
				LD_RUNPATH_SEARCH_PATHS = (
					"$(inherited)",
					"@executable_path/Frameworks",
				);
				PRODUCT_BUNDLE_IDENTIFIER = "com.works.Wish-List";
				PRODUCT_NAME = "$(TARGET_NAME)";
				SWIFT_VERSION = 5.0;
				TARGETED_DEVICE_FAMILY = "1,2";
			};
			name = Release;
		};
/* End XCBuildConfiguration section */

/* Begin XCConfigurationList section */
		D944129E25BDE44C00DCE591 /* Build configuration list for PBXProject "Wish List" */ = {
			isa = XCConfigurationList;
			buildConfigurations = (
				D94412B525BDE44E00DCE591 /* Debug */,
				D94412B625BDE44E00DCE591 /* Release */,
			);
			defaultConfigurationIsVisible = 0;
			defaultConfigurationName = Release;
		};
		D94412B725BDE44E00DCE591 /* Build configuration list for PBXNativeTarget "Wish List" */ = {
			isa = XCConfigurationList;
			buildConfigurations = (
				D94412B825BDE44E00DCE591 /* Debug */,
				D94412B925BDE44E00DCE591 /* Release */,
			);
			defaultConfigurationIsVisible = 0;
			defaultConfigurationName = Release;
		};
/* End XCConfigurationList section */
	};
	rootObject = D944129B25BDE44C00DCE591 /* Project object */;
}
