// !$*UTF8*$!
{
	archiveVersion = 1;
	classes = {
	};
	objectVersion = 50;
	objects = {

/* Begin PBXBuildFile section */
		D93CA3A625B50B7A0077304E /* CustomCell.swift in Sources */ = {isa = PBXBuildFile; fileRef = D93CA3A525B50B7A0077304E /* CustomCell.swift */; };
		D93CA3A925B50CF90077304E /* ModelsTableView.swift in Sources */ = {isa = PBXBuildFile; fileRef = D93CA3A825B50CF80077304E /* ModelsTableView.swift */; };
		D95EF2D525B4CEDD00407DC2 /* AppDelegate.swift in Sources */ = {isa = PBXBuildFile; fileRef = D95EF2D425B4CEDD00407DC2 /* AppDelegate.swift */; };
		D95EF2D725B4CEDD00407DC2 /* SceneDelegate.swift in Sources */ = {isa = PBXBuildFile; fileRef = D95EF2D625B4CEDD00407DC2 /* SceneDelegate.swift */; };
		D95EF2D925B4CEDD00407DC2 /* ViewController.swift in Sources */ = {isa = PBXBuildFile; fileRef = D95EF2D825B4CEDD00407DC2 /* ViewController.swift */; };
		D95EF2DC25B4CEDD00407DC2 /* Main.storyboard in Resources */ = {isa = PBXBuildFile; fileRef = D95EF2DA25B4CEDD00407DC2 /* Main.storyboard */; };
		D95EF2DE25B4CEE000407DC2 /* Assets.xcassets in Resources */ = {isa = PBXBuildFile; fileRef = D95EF2DD25B4CEE000407DC2 /* Assets.xcassets */; };
		D95EF2E125B4CEE000407DC2 /* LaunchScreen.storyboard in Resources */ = {isa = PBXBuildFile; fileRef = D95EF2DF25B4CEE000407DC2 /* LaunchScreen.storyboard */; };
		D95EF2ED25B4D93100407DC2 /* DetailWebController.swift in Sources */ = {isa = PBXBuildFile; fileRef = D95EF2EC25B4D93100407DC2 /* DetailWebController.swift */; };
		D95EF31025B4FE5E00407DC2 /* ProductPage.swift in Sources */ = {isa = PBXBuildFile; fileRef = D95EF30F25B4FE5E00407DC2 /* ProductPage.swift */; };
		D95EF31425B4FF8F00407DC2 /* Models.swift in Sources */ = {isa = PBXBuildFile; fileRef = D95EF31325B4FF8F00407DC2 /* Models.swift */; };
		D9EF646025B8BDB9006D6551 /* Detail.swift in Sources */ = {isa = PBXBuildFile; fileRef = D9EF645F25B8BDB9006D6551 /* Detail.swift */; };
/* End PBXBuildFile section */

/* Begin PBXFileReference section */
		D93CA3A525B50B7A0077304E /* CustomCell.swift */ = {isa = PBXFileReference; lastKnownFileType = sourcecode.swift; path = CustomCell.swift; sourceTree = "<group>"; };
		D93CA3A825B50CF80077304E /* ModelsTableView.swift */ = {isa = PBXFileReference; lastKnownFileType = sourcecode.swift; path = ModelsTableView.swift; sourceTree = "<group>"; };
		D95EF2D125B4CEDD00407DC2 /* Homework-3 DEM.app */ = {isa = PBXFileReference; explicitFileType = wrapper.application; includeInIndex = 0; path = "Homework-3 DEM.app"; sourceTree = BUILT_PRODUCTS_DIR; };
		D95EF2D425B4CEDD00407DC2 /* AppDelegate.swift */ = {isa = PBXFileReference; lastKnownFileType = sourcecode.swift; path = AppDelegate.swift; sourceTree = "<group>"; };
		D95EF2D625B4CEDD00407DC2 /* SceneDelegate.swift */ = {isa = PBXFileReference; lastKnownFileType = sourcecode.swift; path = SceneDelegate.swift; sourceTree = "<group>"; };
		D95EF2D825B4CEDD00407DC2 /* ViewController.swift */ = {isa = PBXFileReference; lastKnownFileType = sourcecode.swift; path = ViewController.swift; sourceTree = "<group>"; };
		D95EF2DB25B4CEDD00407DC2 /* Base */ = {isa = PBXFileReference; lastKnownFileType = file.storyboard; name = Base; path = Base.lproj/Main.storyboard; sourceTree = "<group>"; };
		D95EF2DD25B4CEE000407DC2 /* Assets.xcassets */ = {isa = PBXFileReference; lastKnownFileType = folder.assetcatalog; path = Assets.xcassets; sourceTree = "<group>"; };
		D95EF2E025B4CEE000407DC2 /* Base */ = {isa = PBXFileReference; lastKnownFileType = file.storyboard; name = Base; path = Base.lproj/LaunchScreen.storyboard; sourceTree = "<group>"; };
		D95EF2E225B4CEE000407DC2 /* Info.plist */ = {isa = PBXFileReference; lastKnownFileType = text.plist.xml; path = Info.plist; sourceTree = "<group>"; };
		D95EF2EC25B4D93100407DC2 /* DetailWebController.swift */ = {isa = PBXFileReference; lastKnownFileType = sourcecode.swift; path = DetailWebController.swift; sourceTree = "<group>"; };
		D95EF30F25B4FE5E00407DC2 /* ProductPage.swift */ = {isa = PBXFileReference; lastKnownFileType = sourcecode.swift; path = ProductPage.swift; sourceTree = "<group>"; };
		D95EF31325B4FF8F00407DC2 /* Models.swift */ = {isa = PBXFileReference; lastKnownFileType = sourcecode.swift; path = Models.swift; sourceTree = "<group>"; };
		D9EF645F25B8BDB9006D6551 /* Detail.swift */ = {isa = PBXFileReference; lastKnownFileType = sourcecode.swift; path = Detail.swift; sourceTree = "<group>"; };
/* End PBXFileReference section */

/* Begin PBXFrameworksBuildPhase section */
		D95EF2CE25B4CEDD00407DC2 /* Frameworks */ = {
			isa = PBXFrameworksBuildPhase;
			buildActionMask = 2147483647;
			files = (
			);
			runOnlyForDeploymentPostprocessing = 0;
		};
/* End PBXFrameworksBuildPhase section */

/* Begin PBXGroup section */
		D95EF2C825B4CEDD00407DC2 = {
			isa = PBXGroup;
			children = (
				D95EF2D325B4CEDD00407DC2 /* Homework-3 DEM */,
				D95EF2D225B4CEDD00407DC2 /* Products */,
			);
			sourceTree = "<group>";
		};
		D95EF2D225B4CEDD00407DC2 /* Products */ = {
			isa = PBXGroup;
			children = (
				D95EF2D125B4CEDD00407DC2 /* Homework-3 DEM.app */,
			);
			name = Products;
			sourceTree = "<group>";
		};
		D95EF2D325B4CEDD00407DC2 /* Homework-3 DEM */ = {
			isa = PBXGroup;
			children = (
				D95EF2D425B4CEDD00407DC2 /* AppDelegate.swift */,
				D95EF2D625B4CEDD00407DC2 /* SceneDelegate.swift */,
				D95EF2D825B4CEDD00407DC2 /* ViewController.swift */,
				D95EF2DA25B4CEDD00407DC2 /* Main.storyboard */,
				D95EF2DD25B4CEE000407DC2 /* Assets.xcassets */,
				D95EF2DF25B4CEE000407DC2 /* LaunchScreen.storyboard */,
				D95EF2E225B4CEE000407DC2 /* Info.plist */,
				D95EF2EC25B4D93100407DC2 /* DetailWebController.swift */,
				D95EF30F25B4FE5E00407DC2 /* ProductPage.swift */,
				D95EF31325B4FF8F00407DC2 /* Models.swift */,
				D93CA3A525B50B7A0077304E /* CustomCell.swift */,
				D93CA3A825B50CF80077304E /* ModelsTableView.swift */,
				D9EF645F25B8BDB9006D6551 /* Detail.swift */,
			);
			path = "Homework-3 DEM";
			sourceTree = "<group>";
		};
/* End PBXGroup section */

/* Begin PBXNativeTarget section */
		D95EF2D025B4CEDD00407DC2 /* Homework-3 DEM */ = {
			isa = PBXNativeTarget;
			buildConfigurationList = D95EF2E525B4CEE000407DC2 /* Build configuration list for PBXNativeTarget "Homework-3 DEM" */;
			buildPhases = (
				D95EF2CD25B4CEDD00407DC2 /* Sources */,
				D95EF2CE25B4CEDD00407DC2 /* Frameworks */,
				D95EF2CF25B4CEDD00407DC2 /* Resources */,
			);
			buildRules = (
			);
			dependencies = (
			);
			name = "Homework-3 DEM";
			productName = "Homework-3 DEM";
			productReference = D95EF2D125B4CEDD00407DC2 /* Homework-3 DEM.app */;
			productType = "com.apple.product-type.application";
		};
/* End PBXNativeTarget section */

/* Begin PBXProject section */
		D95EF2C925B4CEDD00407DC2 /* Project object */ = {
			isa = PBXProject;
			attributes = {
				LastSwiftUpdateCheck = 1230;
				LastUpgradeCheck = 1230;
				TargetAttributes = {
					D95EF2D025B4CEDD00407DC2 = {
						CreatedOnToolsVersion = 12.3;
					};
				};
			};
			buildConfigurationList = D95EF2CC25B4CEDD00407DC2 /* Build configuration list for PBXProject "Homework-3 DEM" */;
			compatibilityVersion = "Xcode 9.3";
			developmentRegion = en;
			hasScannedForEncodings = 0;
			knownRegions = (
				en,
				Base,
			);
			mainGroup = D95EF2C825B4CEDD00407DC2;
			productRefGroup = D95EF2D225B4CEDD00407DC2 /* Products */;
			projectDirPath = "";
			projectRoot = "";
			targets = (
				D95EF2D025B4CEDD00407DC2 /* Homework-3 DEM */,
			);
		};
/* End PBXProject section */

/* Begin PBXResourcesBuildPhase section */
		D95EF2CF25B4CEDD00407DC2 /* Resources */ = {
			isa = PBXResourcesBuildPhase;
			buildActionMask = 2147483647;
			files = (
				D95EF2E125B4CEE000407DC2 /* LaunchScreen.storyboard in Resources */,
				D95EF2DE25B4CEE000407DC2 /* Assets.xcassets in Resources */,
				D95EF2DC25B4CEDD00407DC2 /* Main.storyboard in Resources */,
			);
			runOnlyForDeploymentPostprocessing = 0;
		};
/* End PBXResourcesBuildPhase section */

/* Begin PBXSourcesBuildPhase section */
		D95EF2CD25B4CEDD00407DC2 /* Sources */ = {
			isa = PBXSourcesBuildPhase;
			buildActionMask = 2147483647;
			files = (
				D95EF31025B4FE5E00407DC2 /* ProductPage.swift in Sources */,
				D95EF2D925B4CEDD00407DC2 /* ViewController.swift in Sources */,
				D9EF646025B8BDB9006D6551 /* Detail.swift in Sources */,
				D95EF2ED25B4D93100407DC2 /* DetailWebController.swift in Sources */,
				D95EF31425B4FF8F00407DC2 /* Models.swift in Sources */,
				D95EF2D525B4CEDD00407DC2 /* AppDelegate.swift in Sources */,
				D93CA3A925B50CF90077304E /* ModelsTableView.swift in Sources */,
				D93CA3A625B50B7A0077304E /* CustomCell.swift in Sources */,
				D95EF2D725B4CEDD00407DC2 /* SceneDelegate.swift in Sources */,
			);
			runOnlyForDeploymentPostprocessing = 0;
		};
/* End PBXSourcesBuildPhase section */

/* Begin PBXVariantGroup section */
		D95EF2DA25B4CEDD00407DC2 /* Main.storyboard */ = {
			isa = PBXVariantGroup;
			children = (
				D95EF2DB25B4CEDD00407DC2 /* Base */,
			);
			name = Main.storyboard;
			sourceTree = "<group>";
		};
		D95EF2DF25B4CEE000407DC2 /* LaunchScreen.storyboard */ = {
			isa = PBXVariantGroup;
			children = (
				D95EF2E025B4CEE000407DC2 /* Base */,
			);
			name = LaunchScreen.storyboard;
			sourceTree = "<group>";
		};
/* End PBXVariantGroup section */

/* Begin XCBuildConfiguration section */
		D95EF2E325B4CEE000407DC2 /* Debug */ = {
			isa = XCBuildConfiguration;
			buildSettings = {
				ALWAYS_SEARCH_USER_PATHS = NO;
				CLANG_ANALYZER_NONNULL = YES;
				CLANG_ANALYZER_NUMBER_OBJECT_CONVERSION = YES_AGGRESSIVE;
				CLANG_CXX_LANGUAGE_STANDARD = "gnu++14";
				CLANG_CXX_LIBRARY = "libc++";
				CLANG_ENABLE_MODULES = YES;
				CLANG_ENABLE_OBJC_ARC = YES;
				CLANG_ENABLE_OBJC_WEAK = YES;
				CLANG_WARN_BLOCK_CAPTURE_AUTORELEASING = YES;
				CLANG_WARN_BOOL_CONVERSION = YES;
				CLANG_WARN_COMMA = YES;
				CLANG_WARN_CONSTANT_CONVERSION = YES;
				CLANG_WARN_DEPRECATED_OBJC_IMPLEMENTATIONS = YES;
				CLANG_WARN_DIRECT_OBJC_ISA_USAGE = YES_ERROR;
				CLANG_WARN_DOCUMENTATION_COMMENTS = YES;
				CLANG_WARN_EMPTY_BODY = YES;
				CLANG_WARN_ENUM_CONVERSION = YES;
				CLANG_WARN_INFINITE_RECURSION = YES;
				CLANG_WARN_INT_CONVERSION = YES;
				CLANG_WARN_NON_LITERAL_NULL_CONVERSION = YES;
				CLANG_WARN_OBJC_IMPLICIT_RETAIN_SELF = YES;
				CLANG_WARN_OBJC_LITERAL_CONVERSION = YES;
				CLANG_WARN_OBJC_ROOT_CLASS = YES_ERROR;
				CLANG_WARN_QUOTED_INCLUDE_IN_FRAMEWORK_HEADER = YES;
				CLANG_WARN_RANGE_LOOP_ANALYSIS = YES;
				CLANG_WARN_STRICT_PROTOTYPES = YES;
				CLANG_WARN_SUSPICIOUS_MOVE = YES;
				CLANG_WARN_UNGUARDED_AVAILABILITY = YES_AGGRESSIVE;
				CLANG_WARN_UNREACHABLE_CODE = YES;
				CLANG_WARN__DUPLICATE_METHOD_MATCH = YES;
				COPY_PHASE_STRIP = NO;
				DEBUG_INFORMATION_FORMAT = dwarf;
				ENABLE_STRICT_OBJC_MSGSEND = YES;
				ENABLE_TESTABILITY = YES;
				GCC_C_LANGUAGE_STANDARD = gnu11;
				GCC_DYNAMIC_NO_PIC = NO;
				GCC_NO_COMMON_BLOCKS = YES;
				GCC_OPTIMIZATION_LEVEL = 0;
				GCC_PREPROCESSOR_DEFINITIONS = (
					"DEBUG=1",
					"$(inherited)",
				);
				GCC_WARN_64_TO_32_BIT_CONVERSION = YES;
				GCC_WARN_ABOUT_RETURN_TYPE = YES_ERROR;
				GCC_WARN_UNDECLARED_SELECTOR = YES;
				GCC_WARN_UNINITIALIZED_AUTOS = YES_AGGRESSIVE;
				GCC_WARN_UNUSED_FUNCTION = YES;
				GCC_WARN_UNUSED_VARIABLE = YES;
				IPHONEOS_DEPLOYMENT_TARGET = 14.3;
				MTL_ENABLE_DEBUG_INFO = INCLUDE_SOURCE;
				MTL_FAST_MATH = YES;
				ONLY_ACTIVE_ARCH = YES;
				SDKROOT = iphoneos;
				SWIFT_ACTIVE_COMPILATION_CONDITIONS = DEBUG;
				SWIFT_OPTIMIZATION_LEVEL = "-Onone";
			};
			name = Debug;
		};
		D95EF2E425B4CEE000407DC2 /* Release */ = {
			isa = XCBuildConfiguration;
			buildSettings = {
				ALWAYS_SEARCH_USER_PATHS = NO;
				CLANG_ANALYZER_NONNULL = YES;
				CLANG_ANALYZER_NUMBER_OBJECT_CONVERSION = YES_AGGRESSIVE;
				CLANG_CXX_LANGUAGE_STANDARD = "gnu++14";
				CLANG_CXX_LIBRARY = "libc++";
				CLANG_ENABLE_MODULES = YES;
				CLANG_ENABLE_OBJC_ARC = YES;
				CLANG_ENABLE_OBJC_WEAK = YES;
				CLANG_WARN_BLOCK_CAPTURE_AUTORELEASING = YES;
				CLANG_WARN_BOOL_CONVERSION = YES;
				CLANG_WARN_COMMA = YES;
				CLANG_WARN_CONSTANT_CONVERSION = YES;
				CLANG_WARN_DEPRECATED_OBJC_IMPLEMENTATIONS = YES;
				CLANG_WARN_DIRECT_OBJC_ISA_USAGE = YES_ERROR;
				CLANG_WARN_DOCUMENTATION_COMMENTS = YES;
				CLANG_WARN_EMPTY_BODY = YES;
				CLANG_WARN_ENUM_CONVERSION = YES;
				CLANG_WARN_INFINITE_RECURSION = YES;
				CLANG_WARN_INT_CONVERSION = YES;
				CLANG_WARN_NON_LITERAL_NULL_CONVERSION = YES;
				CLANG_WARN_OBJC_IMPLICIT_RETAIN_SELF = YES;
				CLANG_WARN_OBJC_LITERAL_CONVERSION = YES;
				CLANG_WARN_OBJC_ROOT_CLASS = YES_ERROR;
				CLANG_WARN_QUOTED_INCLUDE_IN_FRAMEWORK_HEADER = YES;
				CLANG_WARN_RANGE_LOOP_ANALYSIS = YES;
				CLANG_WARN_STRICT_PROTOTYPES = YES;
				CLANG_WARN_SUSPICIOUS_MOVE = YES;
				CLANG_WARN_UNGUARDED_AVAILABILITY = YES_AGGRESSIVE;
				CLANG_WARN_UNREACHABLE_CODE = YES;
				CLANG_WARN__DUPLICATE_METHOD_MATCH = YES;
				COPY_PHASE_STRIP = NO;
				DEBUG_INFORMATION_FORMAT = "dwarf-with-dsym";
				ENABLE_NS_ASSERTIONS = NO;
				ENABLE_STRICT_OBJC_MSGSEND = YES;
				GCC_C_LANGUAGE_STANDARD = gnu11;
				GCC_NO_COMMON_BLOCKS = YES;
				GCC_WARN_64_TO_32_BIT_CONVERSION = YES;
				GCC_WARN_ABOUT_RETURN_TYPE = YES_ERROR;
				GCC_WARN_UNDECLARED_SELECTOR = YES;
				GCC_WARN_UNINITIALIZED_AUTOS = YES_AGGRESSIVE;
				GCC_WARN_UNUSED_FUNCTION = YES;
				GCC_WARN_UNUSED_VARIABLE = YES;
				IPHONEOS_DEPLOYMENT_TARGET = 14.3;
				MTL_ENABLE_DEBUG_INFO = NO;
				MTL_FAST_MATH = YES;
				SDKROOT = iphoneos;
				SWIFT_COMPILATION_MODE = wholemodule;
				SWIFT_OPTIMIZATION_LEVEL = "-O";
				VALIDATE_PRODUCT = YES;
			};
			name = Release;
		};
		D95EF2E625B4CEE000407DC2 /* Debug */ = {
			isa = XCBuildConfiguration;
			buildSettings = {
				ASSETCATALOG_COMPILER_APPICON_NAME = AppIcon;
				ASSETCATALOG_COMPILER_GLOBAL_ACCENT_COLOR_NAME = AccentColor;
				CODE_SIGN_STYLE = Automatic;
				DEVELOPMENT_TEAM = BWN4M4MM93;
				INFOPLIST_FILE = "Homework-3 DEM/Info.plist";
				LD_RUNPATH_SEARCH_PATHS = (
					"$(inherited)",
					"@executable_path/Frameworks",
				);
				PRODUCT_BUNDLE_IDENTIFIER = "com.works.Homework-3-DEM";
				PRODUCT_NAME = "$(TARGET_NAME)";
				SWIFT_VERSION = 5.0;
				TARGETED_DEVICE_FAMILY = "1,2";
			};
			name = Debug;
		};
		D95EF2E725B4CEE000407DC2 /* Release */ = {
			isa = XCBuildConfiguration;
			buildSettings = {
				ASSETCATALOG_COMPILER_APPICON_NAME = AppIcon;
				ASSETCATALOG_COMPILER_GLOBAL_ACCENT_COLOR_NAME = AccentColor;
				CODE_SIGN_STYLE = Automatic;
				DEVELOPMENT_TEAM = BWN4M4MM93;
				INFOPLIST_FILE = "Homework-3 DEM/Info.plist";
				LD_RUNPATH_SEARCH_PATHS = (
					"$(inherited)",
					"@executable_path/Frameworks",
				);
				PRODUCT_BUNDLE_IDENTIFIER = "com.works.Homework-3-DEM";
				PRODUCT_NAME = "$(TARGET_NAME)";
				SWIFT_VERSION = 5.0;
				TARGETED_DEVICE_FAMILY = "1,2";
			};
			name = Release;
		};
/* End XCBuildConfiguration section */

/* Begin XCConfigurationList section */
		D95EF2CC25B4CEDD00407DC2 /* Build configuration list for PBXProject "Homework-3 DEM" */ = {
			isa = XCConfigurationList;
			buildConfigurations = (
				D95EF2E325B4CEE000407DC2 /* Debug */,
				D95EF2E425B4CEE000407DC2 /* Release */,
			);
			defaultConfigurationIsVisible = 0;
			defaultConfigurationName = Release;
		};
		D95EF2E525B4CEE000407DC2 /* Build configuration list for PBXNativeTarget "Homework-3 DEM" */ = {
			isa = XCConfigurationList;
			buildConfigurations = (
				D95EF2E625B4CEE000407DC2 /* Debug */,
				D95EF2E725B4CEE000407DC2 /* Release */,
			);
			defaultConfigurationIsVisible = 0;
			defaultConfigurationName = Release;
		};
/* End XCConfigurationList section */
	};
	rootObject = D95EF2C925B4CEDD00407DC2 /* Project object */;
}
